
Microsoft Visual Studio Solution File, Format Version 12.00
# Visual Studio 14
VisualStudioVersion = 14.0.24720.0
MinimumVisualStudioVersion = 10.0.40219.1
Project("{FAE04EC0-301F-11D3-BF4B-00C04F79EFBC}") = "PhotoAlbum.Service", "Service\PhotoAlbum.Service.csproj", "{0A478CEF-F063-4770-ADC8-731837B68720}"
EndProject
Project("{FAE04EC0-301F-11D3-BF4B-00C04F79EFBC}") = "PhotoAlbum.DAL", "PhotoAlbum.DAL\PhotoAlbum.DAL.csproj", "{E8A7E1F7-26A7-403C-ADEA-714FB435B866}"
EndProject
Global
	GlobalSection(SolutionConfigurationPlatforms) = preSolution
		Debug|Any CPU = Debug|Any CPU
		Release|Any CPU = Release|Any CPU
	EndGlobalSection
	GlobalSection(ProjectConfigurationPlatforms) = postSolution
		{0A478CEF-F063-4770-ADC8-731837B68720}.Debug|Any CPU.ActiveCfg = Debug|Any CPU
		{0A478CEF-F063-4770-ADC8-731837B68720}.Debug|Any CPU.Build.0 = Debug|Any CPU
		{0A478CEF-F063-4770-ADC8-731837B68720}.Release|Any CPU.ActiveCfg = Release|Any CPU
		{0A478CEF-F063-4770-ADC8-731837B68720}.Release|Any CPU.Build.0 = Release|Any CPU
		{E8A7E1F7-26A7-403C-ADEA-714FB435B866}.Debug|Any CPU.ActiveCfg = Debug|Any CPU
		{E8A7E1F7-26A7-403C-ADEA-714FB435B866}.Debug|Any CPU.Build.0 = Debug|Any CPU
		{E8A7E1F7-26A7-403C-ADEA-714FB435B866}.Release|Any CPU.ActiveCfg = Release|Any CPU
		{E8A7E1F7-26A7-403C-ADEA-714FB435B866}.Release|Any CPU.Build.0 = Release|Any CPU
	EndGlobalSection
	GlobalSection(SolutionProperties) = preSolution
		HideSolutionNode = FALSE
	EndGlobalSection
EndGlobal
